
Microsoft Visual Studio Solution File, Format Version 12.00
# Visual Studio 15
VisualStudioVersion = 15.0.28307.1169
MinimumVisualStudioVersion = 10.0.40219.1
Project("{FAE04EC0-301F-11D3-BF4B-00C04F79EFBC}") = "Week01", "Week01\Week01.csproj", "{5B1486F3-DB50-4F9E-8120-A4BFCACC3C1E}"
EndProject
Project("{FAE04EC0-301F-11D3-BF4B-00C04F79EFBC}") = "Assignment1", "Assignment1\Assignment1.csproj", "{A1806416-5CBD-4065-B791-EF73B4F87761}"
EndProject
Project("{FAE04EC0-301F-11D3-BF4B-00C04F79EFBC}") = "Assignment2a", "Assignment2a\Assignment2a.csproj", "{E52A6A5C-BC63-49AF-9919-1C7936E68939}"
EndProject
Project("{FAE04EC0-301F-11D3-BF4B-00C04F79EFBC}") = "Assignment2b", "Assignment2b\Assignment2b.csproj", "{596A455C-DDC0-42FF-86C2-448831CD48E1}"
EndProject
Project("{FAE04EC0-301F-11D3-BF4B-00C04F79EFBC}") = "Week4-2", "Week4-2\Week4-2.csproj", "{574C6F90-BF6B-42DB-9E84-EBBB49CE75C3}"
EndProject
Project("{FAE04EC0-301F-11D3-BF4B-00C04F79EFBC}") = "PokemonLib", "PokemonLib\PokemonLib.csproj", "{519DF71C-D00E-4561-89C8-362AEA05081E}"
EndProject
Project("{FAE04EC0-301F-11D3-BF4B-00C04F79EFBC}") = "Assignment2c", "Assignment2c\Assignment2c.csproj", "{3BF54F28-3785-4060-8063-27B3D6B3939A}"
EndProject
Project("{FAE04EC0-301F-11D3-BF4B-00C04F79EFBC}") = "Week5", "Week5\Week5.csproj", "{01DB5615-D1F3-4FFE-A54E-60F335694B79}"
EndProject
Project("{FAE04EC0-301F-11D3-BF4B-00C04F79EFBC}") = "TextureAtlasLib", "TextureAtlasLib\TextureAtlasLib.csproj", "{6A6F16C6-1145-4838-ACA0-A06265CD16DE}"
EndProject
Global
	GlobalSection(SolutionConfigurationPlatforms) = preSolution
		Debug|Any CPU = Debug|Any CPU
		Release|Any CPU = Release|Any CPU
	EndGlobalSection
	GlobalSection(ProjectConfigurationPlatforms) = postSolution
		{5B1486F3-DB50-4F9E-8120-A4BFCACC3C1E}.Debug|Any CPU.ActiveCfg = Debug|Any CPU
		{5B1486F3-DB50-4F9E-8120-A4BFCACC3C1E}.Debug|Any CPU.Build.0 = Debug|Any CPU
		{5B1486F3-DB50-4F9E-8120-A4BFCACC3C1E}.Release|Any CPU.ActiveCfg = Release|Any CPU
		{5B1486F3-DB50-4F9E-8120-A4BFCACC3C1E}.Release|Any CPU.Build.0 = Release|Any CPU
		{A1806416-5CBD-4065-B791-EF73B4F87761}.Debug|Any CPU.ActiveCfg = Debug|Any CPU
		{A1806416-5CBD-4065-B791-EF73B4F87761}.Debug|Any CPU.Build.0 = Debug|Any CPU
		{A1806416-5CBD-4065-B791-EF73B4F87761}.Release|Any CPU.ActiveCfg = Release|Any CPU
		{A1806416-5CBD-4065-B791-EF73B4F87761}.Release|Any CPU.Build.0 = Release|Any CPU
		{E52A6A5C-BC63-49AF-9919-1C7936E68939}.Debug|Any CPU.ActiveCfg = Debug|Any CPU
		{E52A6A5C-BC63-49AF-9919-1C7936E68939}.Debug|Any CPU.Build.0 = Debug|Any CPU
		{E52A6A5C-BC63-49AF-9919-1C7936E68939}.Release|Any CPU.ActiveCfg = Release|Any CPU
		{E52A6A5C-BC63-49AF-9919-1C7936E68939}.Release|Any CPU.Build.0 = Release|Any CPU
		{596A455C-DDC0-42FF-86C2-448831CD48E1}.Debug|Any CPU.ActiveCfg = Debug|Any CPU
		{596A455C-DDC0-42FF-86C2-448831CD48E1}.Debug|Any CPU.Build.0 = Debug|Any CPU
		{596A455C-DDC0-42FF-86C2-448831CD48E1}.Release|Any CPU.ActiveCfg = Release|Any CPU
		{596A455C-DDC0-42FF-86C2-448831CD48E1}.Release|Any CPU.Build.0 = Release|Any CPU
		{574C6F90-BF6B-42DB-9E84-EBBB49CE75C3}.Debug|Any CPU.ActiveCfg = Debug|Any CPU
		{574C6F90-BF6B-42DB-9E84-EBBB49CE75C3}.Debug|Any CPU.Build.0 = Debug|Any CPU
		{574C6F90-BF6B-42DB-9E84-EBBB49CE75C3}.Release|Any CPU.ActiveCfg = Release|Any CPU
		{574C6F90-BF6B-42DB-9E84-EBBB49CE75C3}.Release|Any CPU.Build.0 = Release|Any CPU
		{519DF71C-D00E-4561-89C8-362AEA05081E}.Debug|Any CPU.ActiveCfg = Debug|Any CPU
		{519DF71C-D00E-4561-89C8-362AEA05081E}.Debug|Any CPU.Build.0 = Debug|Any CPU
		{519DF71C-D00E-4561-89C8-362AEA05081E}.Release|Any CPU.ActiveCfg = Release|Any CPU
		{519DF71C-D00E-4561-89C8-362AEA05081E}.Release|Any CPU.Build.0 = Release|Any CPU
		{3BF54F28-3785-4060-8063-27B3D6B3939A}.Debug|Any CPU.ActiveCfg = Debug|Any CPU
		{3BF54F28-3785-4060-8063-27B3D6B3939A}.Debug|Any CPU.Build.0 = Debug|Any CPU
		{3BF54F28-3785-4060-8063-27B3D6B3939A}.Release|Any CPU.ActiveCfg = Release|Any CPU
		{3BF54F28-3785-4060-8063-27B3D6B3939A}.Release|Any CPU.Build.0 = Release|Any CPU
		{01DB5615-D1F3-4FFE-A54E-60F335694B79}.Debug|Any CPU.ActiveCfg = Debug|Any CPU
		{01DB5615-D1F3-4FFE-A54E-60F335694B79}.Debug|Any CPU.Build.0 = Debug|Any CPU
		{01DB5615-D1F3-4FFE-A54E-60F335694B79}.Release|Any CPU.ActiveCfg = Release|Any CPU
		{01DB5615-D1F3-4FFE-A54E-60F335694B79}.Release|Any CPU.Build.0 = Release|Any CPU
		{6A6F16C6-1145-4838-ACA0-A06265CD16DE}.Debug|Any CPU.ActiveCfg = Debug|Any CPU
		{6A6F16C6-1145-4838-ACA0-A06265CD16DE}.Debug|Any CPU.Build.0 = Debug|Any CPU
		{6A6F16C6-1145-4838-ACA0-A06265CD16DE}.Release|Any CPU.ActiveCfg = Release|Any CPU
		{6A6F16C6-1145-4838-ACA0-A06265CD16DE}.Release|Any CPU.Build.0 = Release|Any CPU
	EndGlobalSection
	GlobalSection(SolutionProperties) = preSolution
		HideSolutionNode = FALSE
	EndGlobalSection
	GlobalSection(ExtensibilityGlobals) = postSolution
		SolutionGuid = {2F82DC16-02E2-420F-ACAE-2696084382BD}
	EndGlobalSection
EndGlobal
